# DATA FREEZE LOCK - April 4, 2026
# This file documents the official freeze of production dataset files

FREEZE_DATE: April 4, 2026
FROZEN_BY: Sanya (Day 3)
FREEZE_STATUS: ACTIVE

FROZEN_FILES:
  - data/policy.md (13 rules, all documented and validated)
  - data/claims.json (100 claims, 100% field coverage)

VALIDATION_RESULTS:
  - Ground truth decisions: 100/100 valid ✓
  - Field completeness: 100% ✓
  - Policy rule coverage: 13/13 ✓
  - Spot-check sample: 10/10 correct ✓
  - Edge cases: Present and validated ✓
  - Overall quality: PRODUCTION READY ✓

DECISION_DISTRIBUTION:
  - Approve: 30 claims (30%)
  - Reject: 70 claims (70%)
  - Escalate: 0 claims (0%)

DIFFICULTY_DISTRIBUTION:
  - Easy: 33 claims (33%)
  - Medium: 33 claims (33%)
  - Hard: 34 claims (34%)

UNFREEZE_CONDITIONS:
  Only unfreeze if:
  1. Critical data error discovered by QA (Vedika)
  2. All team members agree
  3. Complete re-validation conducted
  4. Change documented in git commit

CURRENT_STATUS: LOCKED - DO NOT EDIT FROZEN FILES
